# This file was autogenerated by Stack.
# You should not edit this file by hand.
# For more information, please see the documentation at:
#   https://docs.haskellstack.org/en/stable/topics/lock_files

packages:
- completed:
    hackage: hssh-0.1.0.0@sha256:edcb0366d7d9b890e0e1a1d424ad7213315d5cdce889516fb8f27ec9a1a8ae4c,2969
    pantry-tree:
      sha256: 5ba91796663a246e2cd15b7c8bef3c4be24871a4b351abde0fdbe08187ab1450
      size: 2428
  original:
    hackage: hssh-0.1.0.0@sha256:edcb0366d7d9b890e0e1a1d424ad7213315d5cdce889516fb8f27ec9a1a8ae4c,2969
- completed:
    hackage: data-default-0.8.0.1@sha256:536ff91641a39b8ad302eebceff767d86ec6b543b44b1db9104650a2b1bc63bd,1110
    pantry-tree:
      sha256: d9e57565e157da76676ac080eddf8d9ceaadf54039749eef1736073fd0f3842c
      size: 382
  original:
    hackage: data-default-0.8.0.1@sha256:536ff91641a39b8ad302eebceff767d86ec6b543b44b1db9104650a2b1bc63bd,1110
- completed:
    hackage: socket-0.8.3.0@sha256:c7c8433770729eef056445b15ceb0e77807ec3b0bea4e47a2f4c609bbeab2638,3414
    pantry-tree:
      sha256: 718e90009b0023f73783ce0934cc6b9d03de6a28ba864130b7ebc5bfe5986cb6
      size: 2064
  original:
    hackage: socket-0.8.3.0@sha256:c7c8433770729eef056445b15ceb0e77807ec3b0bea4e47a2f4c609bbeab2638,3414
snapshots:
- completed:
    sha256: 1191e70bcd219fb660a5bf5d43a0fb235ef12a891994fd02d02643f61d6755ed
    size: 684285
    url: https://raw.githubusercontent.com/commercialhaskell/stackage-snapshots/master/lts/23/26.yaml
  original:
    url: https://raw.githubusercontent.com/commercialhaskell/stackage-snapshots/master/lts/23/26.yaml
